// !$*UTF8*$!
{
	archiveVersion = 1;
	classes = {
	};
	objectVersion = 46;
	objects = {

/* Begin PBXBuildFile section */
		F37618911E3639C500CE889E /* MaBeeeSDK.framework in Frameworks */ = {isa = PBXBuildFile; fileRef = F31F86C91E346EB400FAAB11 /* MaBeeeSDK.framework */; };
		F37618921E3639C500CE889E /* MaBeeeSDK.framework in Embed Frameworks */ = {isa = PBXBuildFile; fileRef = F31F86C91E346EB400FAAB11 /* MaBeeeSDK.framework */; settings = {ATTRIBUTES = (CodeSignOnCopy, RemoveHeadersOnCopy, ); }; };
		F3D4CE1F1E250EDE007514D7 /* AppDelegate.swift in Sources */ = {isa = PBXBuildFile; fileRef = F3D4CE1E1E250EDE007514D7 /* AppDelegate.swift */; };
		F3D4CE211E250EDE007514D7 /* ViewController.swift in Sources */ = {isa = PBXBuildFile; fileRef = F3D4CE201E250EDE007514D7 /* ViewController.swift */; };
		F3D4CE241E250EDE007514D7 /* Main.storyboard in Resources */ = {isa = PBXBuildFile; fileRef = F3D4CE221E250EDE007514D7 /* Main.storyboard */; };
		F3D4CE261E250EDE007514D7 /* Assets.xcassets in Resources */ = {isa = PBXBuildFile; fileRef = F3D4CE251E250EDE007514D7 /* Assets.xcassets */; };
		F3D4CE291E250EDE007514D7 /* LaunchScreen.storyboard in Resources */ = {isa = PBXBuildFile; fileRef = F3D4CE271E250EDE007514D7 /* LaunchScreen.storyboard */; };
/* End PBXBuildFile section */

/* Begin PBXContainerItemProxy section */
		F3D4CE301E250EDE007514D7 /* PBXContainerItemProxy */ = {
			isa = PBXContainerItemProxy;
			containerPortal = F3D4CE131E250EDD007514D7 /* Project object */;
			proxyType = 1;
			remoteGlobalIDString = F3D4CE1A1E250EDD007514D7;
			remoteInfo = MabeeeAllAboard;
		};
/* End PBXContainerItemProxy section */

/* Begin PBXCopyFilesBuildPhase section */
		F37618931E3639C500CE889E /* Embed Frameworks */ = {
			isa = PBXCopyFilesBuildPhase;
			buildActionMask = 2147483647;
			dstPath = "";
			dstSubfolderSpec = 10;
			files = (
				F37618921E3639C500CE889E /* MaBeeeSDK.framework in Embed Frameworks */,
			);
			name = "Embed Frameworks";
			runOnlyForDeploymentPostprocessing = 0;
		};
/* End PBXCopyFilesBuildPhase section */

/* Begin PBXFileReference section */
		F31F86C91E346EB400FAAB11 /* MaBeeeSDK.framework */ = {isa = PBXFileReference; lastKnownFileType = wrapper.framework; path = MaBeeeSDK.framework; sourceTree = "<group>"; };
		F3D4CE1B1E250EDD007514D7 /* MabeeeAllAboard.app */ = {isa = PBXFileReference; explicitFileType = wrapper.application; includeInIndex = 0; path = MabeeeAllAboard.app; sourceTree = BUILT_PRODUCTS_DIR; };
		F3D4CE1E1E250EDE007514D7 /* AppDelegate.swift */ = {isa = PBXFileReference; lastKnownFileType = sourcecode.swift; path = AppDelegate.swift; sourceTree = "<group>"; };
		F3D4CE201E250EDE007514D7 /* ViewController.swift */ = {isa = PBXFileReference; lastKnownFileType = sourcecode.swift; path = ViewController.swift; sourceTree = "<group>"; };
		F3D4CE231E250EDE007514D7 /* Base */ = {isa = PBXFileReference; lastKnownFileType = file.storyboard; name = Base; path = Base.lproj/Main.storyboard; sourceTree = "<group>"; };
		F3D4CE251E250EDE007514D7 /* Assets.xcassets */ = {isa = PBXFileReference; lastKnownFileType = folder.assetcatalog; path = Assets.xcassets; sourceTree = "<group>"; };
		F3D4CE281E250EDE007514D7 /* Base */ = {isa = PBXFileReference; lastKnownFileType = file.storyboard; name = Base; path = Base.lproj/LaunchScreen.storyboard; sourceTree = "<group>"; };
		F3D4CE2A1E250EDE007514D7 /* Info.plist */ = {isa = PBXFileReference; lastKnownFileType = text.plist.xml; path = Info.plist; sourceTree = "<group>"; };
		F3D4CE2F1E250EDE007514D7 /* MabeeeAllAboardTests.xctest */ = {isa = PBXFileReference; explicitFileType = wrapper.cfbundle; includeInIndex = 0; path = MabeeeAllAboardTests.xctest; sourceTree = BUILT_PRODUCTS_DIR; };
/* End PBXFileReference section */

/* Begin PBXFrameworksBuildPhase section */
		F3D4CE181E250EDD007514D7 /* Frameworks */ = {
			isa = PBXFrameworksBuildPhase;
			buildActionMask = 2147483647;
			files = (
				F37618911E3639C500CE889E /* MaBeeeSDK.framework in Frameworks */,
			);
			runOnlyForDeploymentPostprocessing = 0;
		};
		F3D4CE2C1E250EDE007514D7 /* Frameworks */ = {
			isa = PBXFrameworksBuildPhase;
			buildActionMask = 2147483647;
			files = (
			);
			runOnlyForDeploymentPostprocessing = 0;
		};
/* End PBXFrameworksBuildPhase section */

/* Begin PBXGroup section */
		F3D4CE121E250EDD007514D7 = {
			isa = PBXGroup;
			children = (
				F31F86C91E346EB400FAAB11 /* MaBeeeSDK.framework */,
				F3D4CE1D1E250EDE007514D7 /* MabeeeAllAboard */,
				F3D4CE1C1E250EDD007514D7 /* Products */,
			);
			sourceTree = "<group>";
		};
		F3D4CE1C1E250EDD007514D7 /* Products */ = {
			isa = PBXGroup;
			children = (
				F3D4CE1B1E250EDD007514D7 /* MabeeeAllAboard.app */,
				F3D4CE2F1E250EDE007514D7 /* MabeeeAllAboardTests.xctest */,
			);
			name = Products;
			sourceTree = "<group>";
		};
		F3D4CE1D1E250EDE007514D7 /* MabeeeAllAboard */ = {
			isa = PBXGroup;
			children = (
				F3D4CE1E1E250EDE007514D7 /* AppDelegate.swift */,
				F3D4CE201E250EDE007514D7 /* ViewController.swift */,
				F3D4CE221E250EDE007514D7 /* Main.storyboard */,
				F3D4CE251E250EDE007514D7 /* Assets.xcassets */,
				F3D4CE271E250EDE007514D7 /* LaunchScreen.storyboard */,
				F3D4CE2A1E250EDE007514D7 /* Info.plist */,
			);
			path = MabeeeAllAboard;
			sourceTree = "<group>";
		};
/* End PBXGroup section */

/* Begin PBXNativeTarget section */
		F3D4CE1A1E250EDD007514D7 /* MabeeeAllAboard */ = {
			isa = PBXNativeTarget;
			buildConfigurationList = F3D4CE381E250EDE007514D7 /* Build configuration list for PBXNativeTarget "MabeeeAllAboard" */;
			buildPhases = (
				F3D4CE171E250EDD007514D7 /* Sources */,
				F3D4CE181E250EDD007514D7 /* Frameworks */,
				F3D4CE191E250EDD007514D7 /* Resources */,
				F37618931E3639C500CE889E /* Embed Frameworks */,
			);
			buildRules = (
			);
			dependencies = (
			);
			name = MabeeeAllAboard;
			productName = MabeeeAllAboard;
			productReference = F3D4CE1B1E250EDD007514D7 /* MabeeeAllAboard.app */;
			productType = "com.apple.product-type.application";
		};
		F3D4CE2E1E250EDE007514D7 /* MabeeeAllAboardTests */ = {
			isa = PBXNativeTarget;
			buildConfigurationList = F3D4CE3B1E250EDE007514D7 /* Build configuration list for PBXNativeTarget "MabeeeAllAboardTests" */;
			buildPhases = (
				F3D4CE2B1E250EDE007514D7 /* Sources */,
				F3D4CE2C1E250EDE007514D7 /* Frameworks */,
				F3D4CE2D1E250EDE007514D7 /* Resources */,
			);
			buildRules = (
			);
			dependencies = (
				F3D4CE311E250EDE007514D7 /* PBXTargetDependency */,
			);
			name = MabeeeAllAboardTests;
			productName = MabeeeAllAboardTests;
			productReference = F3D4CE2F1E250EDE007514D7 /* MabeeeAllAboardTests.xctest */;
			productType = "com.apple.product-type.bundle.unit-test";
		};
/* End PBXNativeTarget section */

/* Begin PBXProject section */
		F3D4CE131E250EDD007514D7 /* Project object */ = {
			isa = PBXProject;
			attributes = {
				LastSwiftUpdateCheck = 0810;
				LastUpgradeCheck = 0820;
				ORGANIZATIONNAME = amotz;
				TargetAttributes = {
					F3D4CE1A1E250EDD007514D7 = {
						CreatedOnToolsVersion = 8.1;
						DevelopmentTeam = U2D56V4SW4;
						ProvisioningStyle = Automatic;
					};
					F3D4CE2E1E250EDE007514D7 = {
						CreatedOnToolsVersion = 8.1;
						DevelopmentTeam = U2D56V4SW4;
						ProvisioningStyle = Automatic;
						TestTargetID = F3D4CE1A1E250EDD007514D7;
					};
				};
			};
			buildConfigurationList = F3D4CE161E250EDD007514D7 /* Build configuration list for PBXProject "MabeeeAllAboard" */;
			compatibilityVersion = "Xcode 3.2";
			developmentRegion = English;
			hasScannedForEncodings = 0;
			knownRegions = (
				en,
				Base,
			);
			mainGroup = F3D4CE121E250EDD007514D7;
			productRefGroup = F3D4CE1C1E250EDD007514D7 /* Products */;
			projectDirPath = "";
			projectRoot = "";
			targets = (
				F3D4CE1A1E250EDD007514D7 /* MabeeeAllAboard */,
				F3D4CE2E1E250EDE007514D7 /* MabeeeAllAboardTests */,
			);
		};
/* End PBXProject section */

/* Begin PBXResourcesBuildPhase section */
		F3D4CE191E250EDD007514D7 /* Resources */ = {
			isa = PBXResourcesBuildPhase;
			buildActionMask = 2147483647;
			files = (
				F3D4CE291E250EDE007514D7 /* LaunchScreen.storyboard in Resources */,
				F3D4CE261E250EDE007514D7 /* Assets.xcassets in Resources */,
				F3D4CE241E250EDE007514D7 /* Main.storyboard in Resources */,
			);
			runOnlyForDeploymentPostprocessing = 0;
		};
		F3D4CE2D1E250EDE007514D7 /* Resources */ = {
			isa = PBXResourcesBuildPhase;
			buildActionMask = 2147483647;
			files = (
			);
			runOnlyForDeploymentPostprocessing = 0;
		};
/* End PBXResourcesBuildPhase section */

/* Begin PBXSourcesBuildPhase section */
		F3D4CE171E250EDD007514D7 /* Sources */ = {
			isa = PBXSourcesBuildPhase;
			buildActionMask = 2147483647;
			files = (
				F3D4CE211E250EDE007514D7 /* ViewController.swift in Sources */,
				F3D4CE1F1E250EDE007514D7 /* AppDelegate.swift in Sources */,
			);
			runOnlyForDeploymentPostprocessing = 0;
		};
		F3D4CE2B1E250EDE007514D7 /* Sources */ = {
			isa = PBXSourcesBuildPhase;
			buildActionMask = 2147483647;
			files = (
			);
			runOnlyForDeploymentPostprocessing = 0;
		};
/* End PBXSourcesBuildPhase section */

/* Begin PBXTargetDependency section */
		F3D4CE311E250EDE007514D7 /* PBXTargetDependency */ = {
			isa = PBXTargetDependency;
			target = F3D4CE1A1E250EDD007514D7 /* MabeeeAllAboard */;
			targetProxy = F3D4CE301E250EDE007514D7 /* PBXContainerItemProxy */;
		};
/* End PBXTargetDependency section */

/* Begin PBXVariantGroup section */
		F3D4CE221E250EDE007514D7 /* Main.storyboard */ = {
			isa = PBXVariantGroup;
			children = (
				F3D4CE231E250EDE007514D7 /* Base */,
			);
			name = Main.storyboard;
			sourceTree = "<group>";
		};
		F3D4CE271E250EDE007514D7 /* LaunchScreen.storyboard */ = {
			isa = PBXVariantGroup;
			children = (
				F3D4CE281E250EDE007514D7 /* Base */,
			);
			name = LaunchScreen.storyboard;
			sourceTree = "<group>";
		};
/* End PBXVariantGroup section */

/* Begin XCBuildConfiguration section */
		F3D4CE361E250EDE007514D7 /* Debug */ = {
			isa = XCBuildConfiguration;
			buildSettings = {
				ALWAYS_SEARCH_USER_PATHS = NO;
				CLANG_ANALYZER_NONNULL = YES;
				CLANG_CXX_LANGUAGE_STANDARD = "gnu++0x";
				CLANG_CXX_LIBRARY = "libc++";
				CLANG_ENABLE_MODULES = YES;
				CLANG_ENABLE_OBJC_ARC = YES;
				CLANG_WARN_BOOL_CONVERSION = YES;
				CLANG_WARN_CONSTANT_CONVERSION = YES;
				CLANG_WARN_DIRECT_OBJC_ISA_USAGE = YES_ERROR;
				CLANG_WARN_DOCUMENTATION_COMMENTS = YES;
				CLANG_WARN_EMPTY_BODY = YES;
				CLANG_WARN_ENUM_CONVERSION = YES;
				CLANG_WARN_INFINITE_RECURSION = YES;
				CLANG_WARN_INT_CONVERSION = YES;
				CLANG_WARN_OBJC_ROOT_CLASS = YES_ERROR;
				CLANG_WARN_SUSPICIOUS_MOVE = YES;
				CLANG_WARN_SUSPICIOUS_MOVES = YES;
				CLANG_WARN_UNREACHABLE_CODE = YES;
				CLANG_WARN__DUPLICATE_METHOD_MATCH = YES;
				"CODE_SIGN_IDENTITY[sdk=iphoneos*]" = "iPhone Developer";
				COPY_PHASE_STRIP = NO;
				DEBUG_INFORMATION_FORMAT = dwarf;
				ENABLE_STRICT_OBJC_MSGSEND = YES;
				ENABLE_TESTABILITY = YES;
				GCC_C_LANGUAGE_STANDARD = gnu99;
				GCC_DYNAMIC_NO_PIC = NO;
				GCC_NO_COMMON_BLOCKS = YES;
				GCC_OPTIMIZATION_LEVEL = 0;
				GCC_PREPROCESSOR_DEFINITIONS = (
					"DEBUG=1",
					"$(inherited)",
				);
				GCC_WARN_64_TO_32_BIT_CONVERSION = YES;
				GCC_WARN_ABOUT_RETURN_TYPE = YES_ERROR;
				GCC_WARN_UNDECLARED_SELECTOR = YES;
				GCC_WARN_UNINITIALIZED_AUTOS = YES_AGGRESSIVE;
				GCC_WARN_UNUSED_FUNCTION = YES;
				GCC_WARN_UNUSED_VARIABLE = YES;
				IPHONEOS_DEPLOYMENT_TARGET = 10.2;
				MTL_ENABLE_DEBUG_INFO = YES;
				ONLY_ACTIVE_ARCH = YES;
				SDKROOT = iphoneos;
				SWIFT_ACTIVE_COMPILATION_CONDITIONS = DEBUG;
				SWIFT_OPTIMIZATION_LEVEL = "-Onone";
				TARGETED_DEVICE_FAMILY = "1,2";
			};
			name = Debug;
		};
		F3D4CE371E250EDE007514D7 /* Release */ = {
			isa = XCBuildConfiguration;
			buildSettings = {
				ALWAYS_SEARCH_USER_PATHS = NO;
				CLANG_ANALYZER_NONNULL = YES;
				CLANG_CXX_LANGUAGE_STANDARD = "gnu++0x";
				CLANG_CXX_LIBRARY = "libc++";
				CLANG_ENABLE_MODULES = YES;
				CLANG_ENABLE_OBJC_ARC = YES;
				CLANG_WARN_BOOL_CONVERSION = YES;
				CLANG_WARN_CONSTANT_CONVERSION = YES;
				CLANG_WARN_DIRECT_OBJC_ISA_USAGE = YES_ERROR;
				CLANG_WARN_DOCUMENTATION_COMMENTS = YES;
				CLANG_WARN_EMPTY_BODY = YES;
				CLANG_WARN_ENUM_CONVERSION = YES;
				CLANG_WARN_INFINITE_RECURSION = YES;
				CLANG_WARN_INT_CONVERSION = YES;
				CLANG_WARN_OBJC_ROOT_CLASS = YES_ERROR;
				CLANG_WARN_SUSPICIOUS_MOVE = YES;
				CLANG_WARN_SUSPICIOUS_MOVES = YES;
				CLANG_WARN_UNREACHABLE_CODE = YES;
				CLANG_WARN__DUPLICATE_METHOD_MATCH = YES;
				"CODE_SIGN_IDENTITY[sdk=iphoneos*]" = "iPhone Developer";
				COPY_PHASE_STRIP = NO;
				DEBUG_INFORMATION_FORMAT = "dwarf-with-dsym";
				ENABLE_NS_ASSERTIONS = NO;
				ENABLE_STRICT_OBJC_MSGSEND = YES;
				GCC_C_LANGUAGE_STANDARD = gnu99;
				GCC_NO_COMMON_BLOCKS = YES;
				GCC_WARN_64_TO_32_BIT_CONVERSION = YES;
				GCC_WARN_ABOUT_RETURN_TYPE = YES_ERROR;
				GCC_WARN_UNDECLARED_SELECTOR = YES;
				GCC_WARN_UNINITIALIZED_AUTOS = YES_AGGRESSIVE;
				GCC_WARN_UNUSED_FUNCTION = YES;
				GCC_WARN_UNUSED_VARIABLE = YES;
				IPHONEOS_DEPLOYMENT_TARGET = 10.2;
				MTL_ENABLE_DEBUG_INFO = NO;
				SDKROOT = iphoneos;
				SWIFT_OPTIMIZATION_LEVEL = "-Owholemodule";
				TARGETED_DEVICE_FAMILY = "1,2";
				VALIDATE_PRODUCT = YES;
			};
			name = Release;
		};
		F3D4CE391E250EDE007514D7 /* Debug */ = {
			isa = XCBuildConfiguration;
			buildSettings = {
				ASSETCATALOG_COMPILER_APPICON_NAME = AppIcon;
				DEVELOPMENT_TEAM = U2D56V4SW4;
				FRAMEWORK_SEARCH_PATHS = (
					"$(inherited)",
					"$(PROJECT_DIR)",
				);
				INFOPLIST_FILE = MabeeeAllAboard/Info.plist;
				LD_RUNPATH_SEARCH_PATHS = "$(inherited) @executable_path/Frameworks";
				PRODUCT_BUNDLE_IDENTIFIER = com.amotz.MabeeeAllAboard;
				PRODUCT_NAME = "$(TARGET_NAME)";
				SWIFT_VERSION = 3.0;
			};
			name = Debug;
		};
		F3D4CE3A1E250EDE007514D7 /* Release */ = {
			isa = XCBuildConfiguration;
			buildSettings = {
				ASSETCATALOG_COMPILER_APPICON_NAME = AppIcon;
				DEVELOPMENT_TEAM = U2D56V4SW4;
				FRAMEWORK_SEARCH_PATHS = (
					"$(inherited)",
					"$(PROJECT_DIR)",
				);
				INFOPLIST_FILE = MabeeeAllAboard/Info.plist;
				LD_RUNPATH_SEARCH_PATHS = "$(inherited) @executable_path/Frameworks";
				PRODUCT_BUNDLE_IDENTIFIER = com.amotz.MabeeeAllAboard;
				PRODUCT_NAME = "$(TARGET_NAME)";
				SWIFT_VERSION = 3.0;
			};
			name = Release;
		};
		F3D4CE3C1E250EDE007514D7 /* Debug */ = {
			isa = XCBuildConfiguration;
			buildSettings = {
				ALWAYS_EMBED_SWIFT_STANDARD_LIBRARIES = YES;
				BUNDLE_LOADER = "$(TEST_HOST)";
				DEVELOPMENT_TEAM = U2D56V4SW4;
				INFOPLIST_FILE = MabeeeAllAboardTests/Info.plist;
				LD_RUNPATH_SEARCH_PATHS = "$(inherited) @executable_path/Frameworks @loader_path/Frameworks";
				PRODUCT_BUNDLE_IDENTIFIER = com.amotz.MabeeeAllAboardTests;
				PRODUCT_NAME = "$(TARGET_NAME)";
				SWIFT_VERSION = 3.0;
				TEST_HOST = "$(BUILT_PRODUCTS_DIR)/MabeeeAllAboard.app/MabeeeAllAboard";
			};
			name = Debug;
		};
		F3D4CE3D1E250EDE007514D7 /* Release */ = {
			isa = XCBuildConfiguration;
			buildSettings = {
				ALWAYS_EMBED_SWIFT_STANDARD_LIBRARIES = YES;
				BUNDLE_LOADER = "$(TEST_HOST)";
				DEVELOPMENT_TEAM = U2D56V4SW4;
				INFOPLIST_FILE = MabeeeAllAboardTests/Info.plist;
				LD_RUNPATH_SEARCH_PATHS = "$(inherited) @executable_path/Frameworks @loader_path/Frameworks";
				PRODUCT_BUNDLE_IDENTIFIER = com.amotz.MabeeeAllAboardTests;
				PRODUCT_NAME = "$(TARGET_NAME)";
				SWIFT_VERSION = 3.0;
				TEST_HOST = "$(BUILT_PRODUCTS_DIR)/MabeeeAllAboard.app/MabeeeAllAboard";
			};
			name = Release;
		};
/* End XCBuildConfiguration section */

/* Begin XCConfigurationList section */
		F3D4CE161E250EDD007514D7 /* Build configuration list for PBXProject "MabeeeAllAboard" */ = {
			isa = XCConfigurationList;
			buildConfigurations = (
				F3D4CE361E250EDE007514D7 /* Debug */,
				F3D4CE371E250EDE007514D7 /* Release */,
			);
			defaultConfigurationIsVisible = 0;
			defaultConfigurationName = Release;
		};
		F3D4CE381E250EDE007514D7 /* Build configuration list for PBXNativeTarget "MabeeeAllAboard" */ = {
			isa = XCConfigurationList;
			buildConfigurations = (
				F3D4CE391E250EDE007514D7 /* Debug */,
				F3D4CE3A1E250EDE007514D7 /* Release */,
			);
			defaultConfigurationIsVisible = 0;
			defaultConfigurationName = Release;
		};
		F3D4CE3B1E250EDE007514D7 /* Build configuration list for PBXNativeTarget "MabeeeAllAboardTests" */ = {
			isa = XCConfigurationList;
			buildConfigurations = (
				F3D4CE3C1E250EDE007514D7 /* Debug */,
				F3D4CE3D1E250EDE007514D7 /* Release */,
			);
			defaultConfigurationIsVisible = 0;
			defaultConfigurationName = Release;
		};
/* End XCConfigurationList section */
	};
	rootObject = F3D4CE131E250EDD007514D7 /* Project object */;
}
